# THIS IS AN AUTOGENERATED FILE. DO NOT EDIT THIS FILE DIRECTLY.
# yarn lockfile v1


axios@^0.20.0:
  version "0.20.0"
  resolved "https://registry.yarnpkg.com/axios/-/axios-0.20.0.tgz#057ba30f04884694993a8cd07fa394cff11c50bd"
  integrity sha512-ANA4rr2BDcmmAQLOKft2fufrtuvlqR+cXNNinUmvfeSNCOF98PZL+7M/v1zIdGo7OLjEA9J2gXJL+j4zGsl0bA==
  dependencies:
    follow-redirects "^1.10.0"

card-validator@^8.1.0:
  version "8.1.0"
  resolved "https://registry.yarnpkg.com/card-validator/-/card-validator-8.1.0.tgz#9f59e039e9a15f66152b228831f3bdcd713f1edf"
  integrity sha512-KlWjnGs6DyxRj9DLGPv+sb7AvU9Y6Od7DJWjnTghzplzsKz/vTYqRMK46xO/BCpHNqvnFNNVbSQa1vBFJ+/o8g==
  dependencies:
    credit-card-type "^9.0.0"

charenc@0.0.2:
  version "0.0.2"
  resolved "https://registry.yarnpkg.com/charenc/-/charenc-0.0.2.tgz#c0a1d2f3a7092e03774bfa83f14c0fc5790a8667"
  integrity sha1-wKHS86cJLgN3S/qD8UwPxXkKhmc=

credit-card-type@^9.0.0:
  version "9.0.1"
  resolved "https://registry.yarnpkg.com/credit-card-type/-/credit-card-type-9.0.1.tgz#b800ae4089ece5e9362626ff1bb44fb3bb8757ed"
  integrity sha512-GtJr+IyIUN67fRXJGIFTw192kgAAneqZ0DDpKKM78Nh32jwfcuTVzJRe3xioECPZybiKHGIHGsbXg//Hu6PKSQ==

crypt@0.0.2:
  version "0.0.2"
  resolved "https://registry.yarnpkg.com/crypt/-/crypt-0.0.2.tgz#88d7ff7ec0dfb86f713dc87bbb42d044d3e6c41b"
  integrity sha1-iNf/fsDfuG9xPch7u0LQRNPmxBs=

dateformat@^3.0.3:
  version "3.0.3"
  resolved "https://registry.yarnpkg.com/dateformat/-/dateformat-3.0.3.tgz#a6e37499a4d9a9cf85ef5872044d62901c9889ae"
  integrity sha512-jyCETtSl3VMZMWeRo7iY1FL19ges1t55hMo5yaam4Jrsm5EPL89UQkoQRyiI+Yf4k8r2ZpdngkV8hr1lIdjb3Q==

escape-string-regexp@2.0.0:
  version "2.0.0"
  resolved "https://registry.yarnpkg.com/escape-string-regexp/-/escape-string-regexp-2.0.0.tgz#a30304e99daa32e23b2fd20f51babd07cffca344"
  integrity sha512-UpzcLCXolUWcNu5HtVMHYdXJjArjsF9C0aNnquZYY4uW/Vu0miy5YoWvbV345HauVvcAUnpRuhMMcqTcGOY2+w==

follow-redirects@^1.10.0:
  version "1.13.0"
  resolved "https://registry.yarnpkg.com/follow-redirects/-/follow-redirects-1.13.0.tgz#b42e8d93a2a7eea5ed88633676d6597bc8e384db"
  integrity sha512-aq6gF1BEKje4a9i9+5jimNFIpq4Q1WiwBToeRK5NvZBd/TRsmW8BsJfOEGkr76TbOyPVD3OVDN910EcUNtRYEA==

invariant@2.2.4:
  version "2.2.4"
  resolved "https://registry.yarnpkg.com/invariant/-/invariant-2.2.4.tgz#610f3c92c9359ce1db616e538008d23ff35158e6"
  integrity sha512-phJfQVBuaJM5raOpJjSfkiD6BpbCE4Ns//LaXl6wGYtUBY83nWS6Rf9tXm2e8VaK60JEjYldbPif/A2B1C2gNA==
  dependencies:
    loose-envify "^1.0.0"

is-buffer@~1.1.6:
  version "1.1.6"
  resolved "https://registry.yarnpkg.com/is-buffer/-/is-buffer-1.1.6.tgz#efaa2ea9daa0d7ab2ea13a97b2b8ad51fefbe8be"
  integrity sha512-NcdALwpXkTm5Zvvbk7owOUSvVvBKDgKP5/ewfXEznmQFfs4ZRmanOeKBTjRVjka3QFoN6XJ+9F3USqfHqTaU5w==

"js-tokens@^3.0.0 || ^4.0.0":
  version "4.0.0"
  resolved "https://registry.yarnpkg.com/js-tokens/-/js-tokens-4.0.0.tgz#19203fb59991df98e3a287050d4647cdeaf32499"
  integrity sha512-RdJUflcE3cUzKiMqQgsCu06FPu9UdIJO0beYbPhHN4k6apgJtifcoCtT9bcxOpYBtpD2kCM6Sbzg4CausW/PKQ==

loose-envify@^1.0.0, loose-envify@^1.4.0:
  version "1.4.0"
  resolved "https://registry.yarnpkg.com/loose-envify/-/loose-envify-1.4.0.tgz#71ee51fa7be4caec1a63839f7e682d8132d30caf"
  integrity sha512-lyuxPGr/Wfhrlem2CL/UcnUc1zcqKAImBDzukY7Y5F/yQiNdko6+fRLevlw1HgMySw7f611UIY408EtxRSoK3Q==
  dependencies:
    js-tokens "^3.0.0 || ^4.0.0"

md5@^2.3.0:
  version "2.3.0"
  resolved "https://registry.yarnpkg.com/md5/-/md5-2.3.0.tgz#c3da9a6aae3a30b46b7b0c349b87b110dc3bda4f"
  integrity sha512-T1GITYmFaKuO91vxyoQMFETst+O71VUPEU3ze5GNzDm0OWdP8v1ziTaAEPUr/3kLsY3Sftgz242A1SetQiDL7g==
  dependencies:
    charenc "0.0.2"
    crypt "0.0.2"
    is-buffer "~1.1.6"

node-forge@^0.9.1:
  version "0.9.1"
  resolved "https://registry.yarnpkg.com/node-forge/-/node-forge-0.9.1.tgz#775368e6846558ab6676858a4d8c6e8d16c677b5"
  integrity sha512-G6RlQt5Sb4GMBzXvhfkeFmbqR6MzhtnT7VTHuLadjkii3rdYHNdw0m8zA4BTxVIh68FicCQ2NSUANpsqkr9jvQ==

object-assign@^4.1.1:
  version "4.1.1"
  resolved "https://registry.yarnpkg.com/object-assign/-/object-assign-4.1.1.tgz#2109adc7965887cfc05cbbd442cac8bfbb360863"
  integrity sha1-IQmtx5ZYh8/AXLvUQsrIv7s2CGM=

prop-types@^15.6.2, prop-types@^15.7.2:
  version "15.7.2"
  resolved "https://registry.yarnpkg.com/prop-types/-/prop-types-15.7.2.tgz#52c41e75b8c87e72b9d9360e0206b99dcbffa6c5"
  integrity sha512-8QQikdH7//R2vurIJSutZ1smHYTcLpRWEOlHnzcWHmBYrOGUysKwSsrC89BCiFj3CbrfJ/nXFdJepOVrY1GCHQ==
  dependencies:
    loose-envify "^1.4.0"
    object-assign "^4.1.1"
    react-is "^16.8.1"

react-is@^16.8.1:
  version "16.13.1"
  resolved "https://registry.yarnpkg.com/react-is/-/react-is-16.13.1.tgz#789729a4dc36de2999dc156dd6c1d9c18cea56a4"
  integrity sha512-24e6ynE2H+OKt4kqsOvNd8kBpV65zoxbA4BVsEOB3ARVWQki/DHzaUoC5KuON/BiccDaCCTZBuOcfZs70kR8bQ==

react-native-iphone-x-helper@^1.0.3:
  version "1.2.1"
  resolved "https://registry.yarnpkg.com/react-native-iphone-x-helper/-/react-native-iphone-x-helper-1.2.1.tgz#645e2ffbbb49e80844bb4cbbe34a126fda1e6772"
  integrity sha512-/VbpIEp8tSNNHIvstuA3Swx610whci1Zpc9mqNkqn14DkMbw+ORviln2u0XyHG1kPvvwTNGZY6QpeFwxYaSdbQ==

react-native-keyboard-aware-scroll-view@^0.9.2:
  version "0.9.2"
  resolved "https://registry.yarnpkg.com/react-native-keyboard-aware-scroll-view/-/react-native-keyboard-aware-scroll-view-0.9.2.tgz#07df7adfa380af5816c0fbc500e3415077852f57"
  integrity sha512-vlX+sZ6GogEcscZfQxMRi6Qm5BHRbntVaVF0GhHcc5RRs6ekk5Rxq+JsKIWVfym42cpEiLpFy3n4vb7jUgzhcw==
  dependencies:
    prop-types "^15.6.2"
    react-native-iphone-x-helper "^1.0.3"

react-native-webview@^10.9.0:
  version "10.9.0"
  resolved "https://registry.yarnpkg.com/react-native-webview/-/react-native-webview-10.9.0.tgz#a45998f82ab1bbbbfde22b8b155394772610157a"
  integrity sha512-zYZfmdJca/xRbwvvOfPhzL59SQC4L0W9rPWVF4zMi7BMDdCVHXVp0wKZ9KzmqxZNwadZNTxl5s0pvd6p3S34Fg==
  dependencies:
    escape-string-regexp "2.0.0"
    invariant "2.2.4"
